
Microsoft Visual Studio Solution File, Format Version 12.00
# Visual Studio 15
VisualStudioVersion = 15.0.28010.2003
MinimumVisualStudioVersion = 10.0.40219.1
Project("{FAE04EC0-301F-11D3-BF4B-00C04F79EFBC}") = "Sale.Android", "Sale\Sale.Android\Sale.Android.csproj", "{1A0CA6DC-9D0A-4A90-90BE-92029628570A}"
EndProject
Project("{FAE04EC0-301F-11D3-BF4B-00C04F79EFBC}") = "Sale.iOS", "Sale\Sale.iOS\Sale.iOS.csproj", "{A146F6E0-D17B-4622-B33D-674430907342}"
EndProject
Project("{FAE04EC0-301F-11D3-BF4B-00C04F79EFBC}") = "Sale", "Sale\Sale\Sale.csproj", "{BC860D3A-A22F-4FF9-B82B-E933DB4FFF45}"
EndProject
Project("{FAE04EC0-301F-11D3-BF4B-00C04F79EFBC}") = "Sale.Api", "Sale.Api\Sale.Api.csproj", "{4BE6F534-8FA1-4147-BCCE-D1E751AC890C}"
EndProject
Project("{FAE04EC0-301F-11D3-BF4B-00C04F79EFBC}") = "Sale.Domain", "Sale.Domain\Sale.Domain.csproj", "{6EDFB6C3-01D3-4A0C-A8BA-44641FD97902}"
EndProject
Project("{FAE04EC0-301F-11D3-BF4B-00C04F79EFBC}") = "Sale.Common", "Sale.Common\Sale.Common.csproj", "{FBA04958-49BC-45F8-9A8D-D11351000BCA}"
EndProject
Project("{FAE04EC0-301F-11D3-BF4B-00C04F79EFBC}") = "Sale.Backend", "Sale.Backend\Sale.Backend.csproj", "{1D81B8FA-5E7E-4C6F-8F11-FB540337EF63}"
EndProject
Global
	GlobalSection(SolutionConfigurationPlatforms) = preSolution
		Ad-Hoc|Any CPU = Ad-Hoc|Any CPU
		Ad-Hoc|iPhone = Ad-Hoc|iPhone
		Ad-Hoc|iPhoneSimulator = Ad-Hoc|iPhoneSimulator
		AppStore|Any CPU = AppStore|Any CPU
		AppStore|iPhone = AppStore|iPhone
		AppStore|iPhoneSimulator = AppStore|iPhoneSimulator
		Debug|Any CPU = Debug|Any CPU
		Debug|iPhone = Debug|iPhone
		Debug|iPhoneSimulator = Debug|iPhoneSimulator
		Release|Any CPU = Release|Any CPU
		Release|iPhone = Release|iPhone
		Release|iPhoneSimulator = Release|iPhoneSimulator
	EndGlobalSection
	GlobalSection(ProjectConfigurationPlatforms) = postSolution
		{1A0CA6DC-9D0A-4A90-90BE-92029628570A}.Ad-Hoc|Any CPU.ActiveCfg = Release|Any CPU
		{1A0CA6DC-9D0A-4A90-90BE-92029628570A}.Ad-Hoc|Any CPU.Build.0 = Release|Any CPU
		{1A0CA6DC-9D0A-4A90-90BE-92029628570A}.Ad-Hoc|Any CPU.Deploy.0 = Release|Any CPU
		{1A0CA6DC-9D0A-4A90-90BE-92029628570A}.Ad-Hoc|iPhone.ActiveCfg = Release|Any CPU
		{1A0CA6DC-9D0A-4A90-90BE-92029628570A}.Ad-Hoc|iPhone.Build.0 = Release|Any CPU
		{1A0CA6DC-9D0A-4A90-90BE-92029628570A}.Ad-Hoc|iPhone.Deploy.0 = Release|Any CPU
		{1A0CA6DC-9D0A-4A90-90BE-92029628570A}.Ad-Hoc|iPhoneSimulator.ActiveCfg = Release|Any CPU
		{1A0CA6DC-9D0A-4A90-90BE-92029628570A}.Ad-Hoc|iPhoneSimulator.Build.0 = Release|Any CPU
		{1A0CA6DC-9D0A-4A90-90BE-92029628570A}.Ad-Hoc|iPhoneSimulator.Deploy.0 = Release|Any CPU
		{1A0CA6DC-9D0A-4A90-90BE-92029628570A}.AppStore|Any CPU.ActiveCfg = Release|Any CPU
		{1A0CA6DC-9D0A-4A90-90BE-92029628570A}.AppStore|Any CPU.Build.0 = Release|Any CPU
		{1A0CA6DC-9D0A-4A90-90BE-92029628570A}.AppStore|Any CPU.Deploy.0 = Release|Any CPU
		{1A0CA6DC-9D0A-4A90-90BE-92029628570A}.AppStore|iPhone.ActiveCfg = Release|Any CPU
		{1A0CA6DC-9D0A-4A90-90BE-92029628570A}.AppStore|iPhone.Build.0 = Release|Any CPU
		{1A0CA6DC-9D0A-4A90-90BE-92029628570A}.AppStore|iPhone.Deploy.0 = Release|Any CPU
		{1A0CA6DC-9D0A-4A90-90BE-92029628570A}.AppStore|iPhoneSimulator.ActiveCfg = Release|Any CPU
		{1A0CA6DC-9D0A-4A90-90BE-92029628570A}.AppStore|iPhoneSimulator.Build.0 = Release|Any CPU
		{1A0CA6DC-9D0A-4A90-90BE-92029628570A}.AppStore|iPhoneSimulator.Deploy.0 = Release|Any CPU
		{1A0CA6DC-9D0A-4A90-90BE-92029628570A}.Debug|Any CPU.ActiveCfg = Debug|Any CPU
		{1A0CA6DC-9D0A-4A90-90BE-92029628570A}.Debug|Any CPU.Build.0 = Debug|Any CPU
		{1A0CA6DC-9D0A-4A90-90BE-92029628570A}.Debug|Any CPU.Deploy.0 = Debug|Any CPU
		{1A0CA6DC-9D0A-4A90-90BE-92029628570A}.Debug|iPhone.ActiveCfg = Debug|Any CPU
		{1A0CA6DC-9D0A-4A90-90BE-92029628570A}.Debug|iPhone.Build.0 = Debug|Any CPU
		{1A0CA6DC-9D0A-4A90-90BE-92029628570A}.Debug|iPhone.Deploy.0 = Debug|Any CPU
		{1A0CA6DC-9D0A-4A90-90BE-92029628570A}.Debug|iPhoneSimulator.ActiveCfg = Debug|Any CPU
		{1A0CA6DC-9D0A-4A90-90BE-92029628570A}.Debug|iPhoneSimulator.Build.0 = Debug|Any CPU
		{1A0CA6DC-9D0A-4A90-90BE-92029628570A}.Debug|iPhoneSimulator.Deploy.0 = Debug|Any CPU
		{1A0CA6DC-9D0A-4A90-90BE-92029628570A}.Release|Any CPU.ActiveCfg = Release|Any CPU
		{1A0CA6DC-9D0A-4A90-90BE-92029628570A}.Release|Any CPU.Build.0 = Release|Any CPU
		{1A0CA6DC-9D0A-4A90-90BE-92029628570A}.Release|Any CPU.Deploy.0 = Release|Any CPU
		{1A0CA6DC-9D0A-4A90-90BE-92029628570A}.Release|iPhone.ActiveCfg = Release|Any CPU
		{1A0CA6DC-9D0A-4A90-90BE-92029628570A}.Release|iPhone.Build.0 = Release|Any CPU
		{1A0CA6DC-9D0A-4A90-90BE-92029628570A}.Release|iPhone.Deploy.0 = Release|Any CPU
		{1A0CA6DC-9D0A-4A90-90BE-92029628570A}.Release|iPhoneSimulator.ActiveCfg = Release|Any CPU
		{1A0CA6DC-9D0A-4A90-90BE-92029628570A}.Release|iPhoneSimulator.Build.0 = Release|Any CPU
		{1A0CA6DC-9D0A-4A90-90BE-92029628570A}.Release|iPhoneSimulator.Deploy.0 = Release|Any CPU
		{A146F6E0-D17B-4622-B33D-674430907342}.Ad-Hoc|Any CPU.ActiveCfg = Ad-Hoc|iPhone
		{A146F6E0-D17B-4622-B33D-674430907342}.Ad-Hoc|Any CPU.Build.0 = Ad-Hoc|iPhone
		{A146F6E0-D17B-4622-B33D-674430907342}.Ad-Hoc|Any CPU.Deploy.0 = Ad-Hoc|iPhone
		{A146F6E0-D17B-4622-B33D-674430907342}.Ad-Hoc|iPhone.ActiveCfg = Ad-Hoc|iPhone
		{A146F6E0-D17B-4622-B33D-674430907342}.Ad-Hoc|iPhone.Build.0 = Ad-Hoc|iPhone
		{A146F6E0-D17B-4622-B33D-674430907342}.Ad-Hoc|iPhone.Deploy.0 = Ad-Hoc|iPhone
		{A146F6E0-D17B-4622-B33D-674430907342}.Ad-Hoc|iPhoneSimulator.ActiveCfg = Ad-Hoc|iPhoneSimulator
		{A146F6E0-D17B-4622-B33D-674430907342}.Ad-Hoc|iPhoneSimulator.Build.0 = Ad-Hoc|iPhoneSimulator
		{A146F6E0-D17B-4622-B33D-674430907342}.Ad-Hoc|iPhoneSimulator.Deploy.0 = Ad-Hoc|iPhoneSimulator
		{A146F6E0-D17B-4622-B33D-674430907342}.AppStore|Any CPU.ActiveCfg = AppStore|iPhone
		{A146F6E0-D17B-4622-B33D-674430907342}.AppStore|Any CPU.Build.0 = AppStore|iPhone
		{A146F6E0-D17B-4622-B33D-674430907342}.AppStore|Any CPU.Deploy.0 = AppStore|iPhone
		{A146F6E0-D17B-4622-B33D-674430907342}.AppStore|iPhone.ActiveCfg = AppStore|iPhone
		{A146F6E0-D17B-4622-B33D-674430907342}.AppStore|iPhone.Build.0 = AppStore|iPhone
		{A146F6E0-D17B-4622-B33D-674430907342}.AppStore|iPhone.Deploy.0 = AppStore|iPhone
		{A146F6E0-D17B-4622-B33D-674430907342}.AppStore|iPhoneSimulator.ActiveCfg = AppStore|iPhoneSimulator
		{A146F6E0-D17B-4622-B33D-674430907342}.AppStore|iPhoneSimulator.Build.0 = AppStore|iPhoneSimulator
		{A146F6E0-D17B-4622-B33D-674430907342}.AppStore|iPhoneSimulator.Deploy.0 = AppStore|iPhoneSimulator
		{A146F6E0-D17B-4622-B33D-674430907342}.Debug|Any CPU.ActiveCfg = Debug|iPhoneSimulator
		{A146F6E0-D17B-4622-B33D-674430907342}.Debug|Any CPU.Build.0 = Debug|iPhoneSimulator
		{A146F6E0-D17B-4622-B33D-674430907342}.Debug|Any CPU.Deploy.0 = Debug|iPhoneSimulator
		{A146F6E0-D17B-4622-B33D-674430907342}.Debug|iPhone.ActiveCfg = Debug|iPhone
		{A146F6E0-D17B-4622-B33D-674430907342}.Debug|iPhone.Build.0 = Debug|iPhone
		{A146F6E0-D17B-4622-B33D-674430907342}.Debug|iPhone.Deploy.0 = Debug|iPhone
		{A146F6E0-D17B-4622-B33D-674430907342}.Debug|iPhoneSimulator.ActiveCfg = Debug|iPhoneSimulator
		{A146F6E0-D17B-4622-B33D-674430907342}.Debug|iPhoneSimulator.Build.0 = Debug|iPhoneSimulator
		{A146F6E0-D17B-4622-B33D-674430907342}.Debug|iPhoneSimulator.Deploy.0 = Debug|iPhoneSimulator
		{A146F6E0-D17B-4622-B33D-674430907342}.Release|Any CPU.ActiveCfg = Release|iPhone
		{A146F6E0-D17B-4622-B33D-674430907342}.Release|Any CPU.Build.0 = Release|iPhone
		{A146F6E0-D17B-4622-B33D-674430907342}.Release|Any CPU.Deploy.0 = Release|iPhone
		{A146F6E0-D17B-4622-B33D-674430907342}.Release|iPhone.ActiveCfg = Release|iPhone
		{A146F6E0-D17B-4622-B33D-674430907342}.Release|iPhone.Build.0 = Release|iPhone
		{A146F6E0-D17B-4622-B33D-674430907342}.Release|iPhone.Deploy.0 = Release|iPhone
		{A146F6E0-D17B-4622-B33D-674430907342}.Release|iPhoneSimulator.ActiveCfg = Release|iPhoneSimulator
		{A146F6E0-D17B-4622-B33D-674430907342}.Release|iPhoneSimulator.Build.0 = Release|iPhoneSimulator
		{A146F6E0-D17B-4622-B33D-674430907342}.Release|iPhoneSimulator.Deploy.0 = Release|iPhoneSimulator
		{BC860D3A-A22F-4FF9-B82B-E933DB4FFF45}.Ad-Hoc|Any CPU.ActiveCfg = Debug|Any CPU
		{BC860D3A-A22F-4FF9-B82B-E933DB4FFF45}.Ad-Hoc|Any CPU.Build.0 = Debug|Any CPU
		{BC860D3A-A22F-4FF9-B82B-E933DB4FFF45}.Ad-Hoc|Any CPU.Deploy.0 = Debug|Any CPU
		{BC860D3A-A22F-4FF9-B82B-E933DB4FFF45}.Ad-Hoc|iPhone.ActiveCfg = Debug|Any CPU
		{BC860D3A-A22F-4FF9-B82B-E933DB4FFF45}.Ad-Hoc|iPhone.Build.0 = Debug|Any CPU
		{BC860D3A-A22F-4FF9-B82B-E933DB4FFF45}.Ad-Hoc|iPhone.Deploy.0 = Debug|Any CPU
		{BC860D3A-A22F-4FF9-B82B-E933DB4FFF45}.Ad-Hoc|iPhoneSimulator.ActiveCfg = Debug|Any CPU
		{BC860D3A-A22F-4FF9-B82B-E933DB4FFF45}.Ad-Hoc|iPhoneSimulator.Build.0 = Debug|Any CPU
		{BC860D3A-A22F-4FF9-B82B-E933DB4FFF45}.Ad-Hoc|iPhoneSimulator.Deploy.0 = Debug|Any CPU
		{BC860D3A-A22F-4FF9-B82B-E933DB4FFF45}.AppStore|Any CPU.ActiveCfg = Debug|Any CPU
		{BC860D3A-A22F-4FF9-B82B-E933DB4FFF45}.AppStore|Any CPU.Build.0 = Debug|Any CPU
		{BC860D3A-A22F-4FF9-B82B-E933DB4FFF45}.AppStore|Any CPU.Deploy.0 = Debug|Any CPU
		{BC860D3A-A22F-4FF9-B82B-E933DB4FFF45}.AppStore|iPhone.ActiveCfg = Debug|Any CPU
		{BC860D3A-A22F-4FF9-B82B-E933DB4FFF45}.AppStore|iPhone.Build.0 = Debug|Any CPU
		{BC860D3A-A22F-4FF9-B82B-E933DB4FFF45}.AppStore|iPhone.Deploy.0 = Debug|Any CPU
		{BC860D3A-A22F-4FF9-B82B-E933DB4FFF45}.AppStore|iPhoneSimulator.ActiveCfg = Debug|Any CPU
		{BC860D3A-A22F-4FF9-B82B-E933DB4FFF45}.AppStore|iPhoneSimulator.Build.0 = Debug|Any CPU
		{BC860D3A-A22F-4FF9-B82B-E933DB4FFF45}.AppStore|iPhoneSimulator.Deploy.0 = Debug|Any CPU
		{BC860D3A-A22F-4FF9-B82B-E933DB4FFF45}.Debug|Any CPU.ActiveCfg = Debug|Any CPU
		{BC860D3A-A22F-4FF9-B82B-E933DB4FFF45}.Debug|Any CPU.Build.0 = Debug|Any CPU
		{BC860D3A-A22F-4FF9-B82B-E933DB4FFF45}.Debug|Any CPU.Deploy.0 = Debug|Any CPU
		{BC860D3A-A22F-4FF9-B82B-E933DB4FFF45}.Debug|iPhone.ActiveCfg = Debug|Any CPU
		{BC860D3A-A22F-4FF9-B82B-E933DB4FFF45}.Debug|iPhone.Build.0 = Debug|Any CPU
		{BC860D3A-A22F-4FF9-B82B-E933DB4FFF45}.Debug|iPhone.Deploy.0 = Debug|Any CPU
		{BC860D3A-A22F-4FF9-B82B-E933DB4FFF45}.Debug|iPhoneSimulator.ActiveCfg = Debug|Any CPU
		{BC860D3A-A22F-4FF9-B82B-E933DB4FFF45}.Debug|iPhoneSimulator.Build.0 = Debug|Any CPU
		{BC860D3A-A22F-4FF9-B82B-E933DB4FFF45}.Debug|iPhoneSimulator.Deploy.0 = Debug|Any CPU
		{BC860D3A-A22F-4FF9-B82B-E933DB4FFF45}.Release|Any CPU.ActiveCfg = Release|Any CPU
		{BC860D3A-A22F-4FF9-B82B-E933DB4FFF45}.Release|Any CPU.Build.0 = Release|Any CPU
		{BC860D3A-A22F-4FF9-B82B-E933DB4FFF45}.Release|Any CPU.Deploy.0 = Release|Any CPU
		{BC860D3A-A22F-4FF9-B82B-E933DB4FFF45}.Release|iPhone.ActiveCfg = Release|Any CPU
		{BC860D3A-A22F-4FF9-B82B-E933DB4FFF45}.Release|iPhone.Build.0 = Release|Any CPU
		{BC860D3A-A22F-4FF9-B82B-E933DB4FFF45}.Release|iPhone.Deploy.0 = Release|Any CPU
		{BC860D3A-A22F-4FF9-B82B-E933DB4FFF45}.Release|iPhoneSimulator.ActiveCfg = Release|Any CPU
		{BC860D3A-A22F-4FF9-B82B-E933DB4FFF45}.Release|iPhoneSimulator.Build.0 = Release|Any CPU
		{BC860D3A-A22F-4FF9-B82B-E933DB4FFF45}.Release|iPhoneSimulator.Deploy.0 = Release|Any CPU
		{4BE6F534-8FA1-4147-BCCE-D1E751AC890C}.Ad-Hoc|Any CPU.ActiveCfg = Release|Any CPU
		{4BE6F534-8FA1-4147-BCCE-D1E751AC890C}.Ad-Hoc|Any CPU.Build.0 = Release|Any CPU
		{4BE6F534-8FA1-4147-BCCE-D1E751AC890C}.Ad-Hoc|iPhone.ActiveCfg = Release|Any CPU
		{4BE6F534-8FA1-4147-BCCE-D1E751AC890C}.Ad-Hoc|iPhone.Build.0 = Release|Any CPU
		{4BE6F534-8FA1-4147-BCCE-D1E751AC890C}.Ad-Hoc|iPhoneSimulator.ActiveCfg = Release|Any CPU
		{4BE6F534-8FA1-4147-BCCE-D1E751AC890C}.Ad-Hoc|iPhoneSimulator.Build.0 = Release|Any CPU
		{4BE6F534-8FA1-4147-BCCE-D1E751AC890C}.AppStore|Any CPU.ActiveCfg = Release|Any CPU
		{4BE6F534-8FA1-4147-BCCE-D1E751AC890C}.AppStore|Any CPU.Build.0 = Release|Any CPU
		{4BE6F534-8FA1-4147-BCCE-D1E751AC890C}.AppStore|iPhone.ActiveCfg = Release|Any CPU
		{4BE6F534-8FA1-4147-BCCE-D1E751AC890C}.AppStore|iPhone.Build.0 = Release|Any CPU
		{4BE6F534-8FA1-4147-BCCE-D1E751AC890C}.AppStore|iPhoneSimulator.ActiveCfg = Release|Any CPU
		{4BE6F534-8FA1-4147-BCCE-D1E751AC890C}.AppStore|iPhoneSimulator.Build.0 = Release|Any CPU
		{4BE6F534-8FA1-4147-BCCE-D1E751AC890C}.Debug|Any CPU.ActiveCfg = Debug|Any CPU
		{4BE6F534-8FA1-4147-BCCE-D1E751AC890C}.Debug|Any CPU.Build.0 = Debug|Any CPU
		{4BE6F534-8FA1-4147-BCCE-D1E751AC890C}.Debug|iPhone.ActiveCfg = Debug|Any CPU
		{4BE6F534-8FA1-4147-BCCE-D1E751AC890C}.Debug|iPhone.Build.0 = Debug|Any CPU
		{4BE6F534-8FA1-4147-BCCE-D1E751AC890C}.Debug|iPhoneSimulator.ActiveCfg = Debug|Any CPU
		{4BE6F534-8FA1-4147-BCCE-D1E751AC890C}.Debug|iPhoneSimulator.Build.0 = Debug|Any CPU
		{4BE6F534-8FA1-4147-BCCE-D1E751AC890C}.Release|Any CPU.ActiveCfg = Release|Any CPU
		{4BE6F534-8FA1-4147-BCCE-D1E751AC890C}.Release|Any CPU.Build.0 = Release|Any CPU
		{4BE6F534-8FA1-4147-BCCE-D1E751AC890C}.Release|iPhone.ActiveCfg = Release|Any CPU
		{4BE6F534-8FA1-4147-BCCE-D1E751AC890C}.Release|iPhone.Build.0 = Release|Any CPU
		{4BE6F534-8FA1-4147-BCCE-D1E751AC890C}.Release|iPhoneSimulator.ActiveCfg = Release|Any CPU
		{4BE6F534-8FA1-4147-BCCE-D1E751AC890C}.Release|iPhoneSimulator.Build.0 = Release|Any CPU
		{6EDFB6C3-01D3-4A0C-A8BA-44641FD97902}.Ad-Hoc|Any CPU.ActiveCfg = Release|Any CPU
		{6EDFB6C3-01D3-4A0C-A8BA-44641FD97902}.Ad-Hoc|Any CPU.Build.0 = Release|Any CPU
		{6EDFB6C3-01D3-4A0C-A8BA-44641FD97902}.Ad-Hoc|iPhone.ActiveCfg = Release|Any CPU
		{6EDFB6C3-01D3-4A0C-A8BA-44641FD97902}.Ad-Hoc|iPhone.Build.0 = Release|Any CPU
		{6EDFB6C3-01D3-4A0C-A8BA-44641FD97902}.Ad-Hoc|iPhoneSimulator.ActiveCfg = Release|Any CPU
		{6EDFB6C3-01D3-4A0C-A8BA-44641FD97902}.Ad-Hoc|iPhoneSimulator.Build.0 = Release|Any CPU
		{6EDFB6C3-01D3-4A0C-A8BA-44641FD97902}.AppStore|Any CPU.ActiveCfg = Release|Any CPU
		{6EDFB6C3-01D3-4A0C-A8BA-44641FD97902}.AppStore|Any CPU.Build.0 = Release|Any CPU
		{6EDFB6C3-01D3-4A0C-A8BA-44641FD97902}.AppStore|iPhone.ActiveCfg = Release|Any CPU
		{6EDFB6C3-01D3-4A0C-A8BA-44641FD97902}.AppStore|iPhone.Build.0 = Release|Any CPU
		{6EDFB6C3-01D3-4A0C-A8BA-44641FD97902}.AppStore|iPhoneSimulator.ActiveCfg = Release|Any CPU
		{6EDFB6C3-01D3-4A0C-A8BA-44641FD97902}.AppStore|iPhoneSimulator.Build.0 = Release|Any CPU
		{6EDFB6C3-01D3-4A0C-A8BA-44641FD97902}.Debug|Any CPU.ActiveCfg = Debug|Any CPU
		{6EDFB6C3-01D3-4A0C-A8BA-44641FD97902}.Debug|Any CPU.Build.0 = Debug|Any CPU
		{6EDFB6C3-01D3-4A0C-A8BA-44641FD97902}.Debug|iPhone.ActiveCfg = Debug|Any CPU
		{6EDFB6C3-01D3-4A0C-A8BA-44641FD97902}.Debug|iPhone.Build.0 = Debug|Any CPU
		{6EDFB6C3-01D3-4A0C-A8BA-44641FD97902}.Debug|iPhoneSimulator.ActiveCfg = Debug|Any CPU
		{6EDFB6C3-01D3-4A0C-A8BA-44641FD97902}.Debug|iPhoneSimulator.Build.0 = Debug|Any CPU
		{6EDFB6C3-01D3-4A0C-A8BA-44641FD97902}.Release|Any CPU.ActiveCfg = Release|Any CPU
		{6EDFB6C3-01D3-4A0C-A8BA-44641FD97902}.Release|Any CPU.Build.0 = Release|Any CPU
		{6EDFB6C3-01D3-4A0C-A8BA-44641FD97902}.Release|iPhone.ActiveCfg = Release|Any CPU
		{6EDFB6C3-01D3-4A0C-A8BA-44641FD97902}.Release|iPhone.Build.0 = Release|Any CPU
		{6EDFB6C3-01D3-4A0C-A8BA-44641FD97902}.Release|iPhoneSimulator.ActiveCfg = Release|Any CPU
		{6EDFB6C3-01D3-4A0C-A8BA-44641FD97902}.Release|iPhoneSimulator.Build.0 = Release|Any CPU
		{FBA04958-49BC-45F8-9A8D-D11351000BCA}.Ad-Hoc|Any CPU.ActiveCfg = Release|Any CPU
		{FBA04958-49BC-45F8-9A8D-D11351000BCA}.Ad-Hoc|Any CPU.Build.0 = Release|Any CPU
		{FBA04958-49BC-45F8-9A8D-D11351000BCA}.Ad-Hoc|iPhone.ActiveCfg = Release|Any CPU
		{FBA04958-49BC-45F8-9A8D-D11351000BCA}.Ad-Hoc|iPhone.Build.0 = Release|Any CPU
		{FBA04958-49BC-45F8-9A8D-D11351000BCA}.Ad-Hoc|iPhoneSimulator.ActiveCfg = Release|Any CPU
		{FBA04958-49BC-45F8-9A8D-D11351000BCA}.Ad-Hoc|iPhoneSimulator.Build.0 = Release|Any CPU
		{FBA04958-49BC-45F8-9A8D-D11351000BCA}.AppStore|Any CPU.ActiveCfg = Release|Any CPU
		{FBA04958-49BC-45F8-9A8D-D11351000BCA}.AppStore|Any CPU.Build.0 = Release|Any CPU
		{FBA04958-49BC-45F8-9A8D-D11351000BCA}.AppStore|iPhone.ActiveCfg = Release|Any CPU
		{FBA04958-49BC-45F8-9A8D-D11351000BCA}.AppStore|iPhone.Build.0 = Release|Any CPU
		{FBA04958-49BC-45F8-9A8D-D11351000BCA}.AppStore|iPhoneSimulator.ActiveCfg = Release|Any CPU
		{FBA04958-49BC-45F8-9A8D-D11351000BCA}.AppStore|iPhoneSimulator.Build.0 = Release|Any CPU
		{FBA04958-49BC-45F8-9A8D-D11351000BCA}.Debug|Any CPU.ActiveCfg = Debug|Any CPU
		{FBA04958-49BC-45F8-9A8D-D11351000BCA}.Debug|Any CPU.Build.0 = Debug|Any CPU
		{FBA04958-49BC-45F8-9A8D-D11351000BCA}.Debug|iPhone.ActiveCfg = Debug|Any CPU
		{FBA04958-49BC-45F8-9A8D-D11351000BCA}.Debug|iPhone.Build.0 = Debug|Any CPU
		{FBA04958-49BC-45F8-9A8D-D11351000BCA}.Debug|iPhoneSimulator.ActiveCfg = Debug|Any CPU
		{FBA04958-49BC-45F8-9A8D-D11351000BCA}.Debug|iPhoneSimulator.Build.0 = Debug|Any CPU
		{FBA04958-49BC-45F8-9A8D-D11351000BCA}.Release|Any CPU.ActiveCfg = Release|Any CPU
		{FBA04958-49BC-45F8-9A8D-D11351000BCA}.Release|Any CPU.Build.0 = Release|Any CPU
		{FBA04958-49BC-45F8-9A8D-D11351000BCA}.Release|iPhone.ActiveCfg = Release|Any CPU
		{FBA04958-49BC-45F8-9A8D-D11351000BCA}.Release|iPhone.Build.0 = Release|Any CPU
		{FBA04958-49BC-45F8-9A8D-D11351000BCA}.Release|iPhoneSimulator.ActiveCfg = Release|Any CPU
		{FBA04958-49BC-45F8-9A8D-D11351000BCA}.Release|iPhoneSimulator.Build.0 = Release|Any CPU
		{1D81B8FA-5E7E-4C6F-8F11-FB540337EF63}.Ad-Hoc|Any CPU.ActiveCfg = Release|Any CPU
		{1D81B8FA-5E7E-4C6F-8F11-FB540337EF63}.Ad-Hoc|Any CPU.Build.0 = Release|Any CPU
		{1D81B8FA-5E7E-4C6F-8F11-FB540337EF63}.Ad-Hoc|iPhone.ActiveCfg = Release|Any CPU
		{1D81B8FA-5E7E-4C6F-8F11-FB540337EF63}.Ad-Hoc|iPhone.Build.0 = Release|Any CPU
		{1D81B8FA-5E7E-4C6F-8F11-FB540337EF63}.Ad-Hoc|iPhoneSimulator.ActiveCfg = Release|Any CPU
		{1D81B8FA-5E7E-4C6F-8F11-FB540337EF63}.Ad-Hoc|iPhoneSimulator.Build.0 = Release|Any CPU
		{1D81B8FA-5E7E-4C6F-8F11-FB540337EF63}.AppStore|Any CPU.ActiveCfg = Release|Any CPU
		{1D81B8FA-5E7E-4C6F-8F11-FB540337EF63}.AppStore|Any CPU.Build.0 = Release|Any CPU
		{1D81B8FA-5E7E-4C6F-8F11-FB540337EF63}.AppStore|iPhone.ActiveCfg = Release|Any CPU
		{1D81B8FA-5E7E-4C6F-8F11-FB540337EF63}.AppStore|iPhone.Build.0 = Release|Any CPU
		{1D81B8FA-5E7E-4C6F-8F11-FB540337EF63}.AppStore|iPhoneSimulator.ActiveCfg = Release|Any CPU
		{1D81B8FA-5E7E-4C6F-8F11-FB540337EF63}.AppStore|iPhoneSimulator.Build.0 = Release|Any CPU
		{1D81B8FA-5E7E-4C6F-8F11-FB540337EF63}.Debug|Any CPU.ActiveCfg = Debug|Any CPU
		{1D81B8FA-5E7E-4C6F-8F11-FB540337EF63}.Debug|Any CPU.Build.0 = Debug|Any CPU
		{1D81B8FA-5E7E-4C6F-8F11-FB540337EF63}.Debug|iPhone.ActiveCfg = Debug|Any CPU
		{1D81B8FA-5E7E-4C6F-8F11-FB540337EF63}.Debug|iPhone.Build.0 = Debug|Any CPU
		{1D81B8FA-5E7E-4C6F-8F11-FB540337EF63}.Debug|iPhoneSimulator.ActiveCfg = Debug|Any CPU
		{1D81B8FA-5E7E-4C6F-8F11-FB540337EF63}.Debug|iPhoneSimulator.Build.0 = Debug|Any CPU
		{1D81B8FA-5E7E-4C6F-8F11-FB540337EF63}.Release|Any CPU.ActiveCfg = Release|Any CPU
		{1D81B8FA-5E7E-4C6F-8F11-FB540337EF63}.Release|Any CPU.Build.0 = Release|Any CPU
		{1D81B8FA-5E7E-4C6F-8F11-FB540337EF63}.Release|iPhone.ActiveCfg = Release|Any CPU
		{1D81B8FA-5E7E-4C6F-8F11-FB540337EF63}.Release|iPhone.Build.0 = Release|Any CPU
		{1D81B8FA-5E7E-4C6F-8F11-FB540337EF63}.Release|iPhoneSimulator.ActiveCfg = Release|Any CPU
		{1D81B8FA-5E7E-4C6F-8F11-FB540337EF63}.Release|iPhoneSimulator.Build.0 = Release|Any CPU
	EndGlobalSection
	GlobalSection(SolutionProperties) = preSolution
		HideSolutionNode = FALSE
	EndGlobalSection
	GlobalSection(ExtensibilityGlobals) = postSolution
		SolutionGuid = {00343AC3-1803-4682-9880-09793002E1CB}
	EndGlobalSection
EndGlobal
